
Microsoft Visual Studio Solution File, Format Version 12.00
# Visual Studio 15
VisualStudioVersion = 15.0.27004.2005
MinimumVisualStudioVersion = 10.0.40219.1
Project("{FAE04EC0-301F-11D3-BF4B-00C04F79EFBC}") = "FileDownloader", "FileDownloader\FileDownloader.csproj", "{52E3CD2E-B3D0-4381-87A0-280117A45634}"
EndProject
Project("{FAE04EC0-301F-11D3-BF4B-00C04F79EFBC}") = "FileDownloader.UnitTests", "FileDownloader.Tests\FileDownloader.UnitTests.csproj", "{5D3C5F70-3D78-4000-A66E-B6825A5106BB}"
EndProject
Project("{FAE04EC0-301F-11D3-BF4B-00C04F79EFBC}") = "FileDownloader.IntegrationTests", "FileDownloader.IntegrationTests\FileDownloader.IntegrationTests.csproj", "{77F5F966-3F44-4647-8434-5F4DE95401B6}"
EndProject
Global
	GlobalSection(SolutionConfigurationPlatforms) = preSolution
		Debug|Any CPU = Debug|Any CPU
		Release|Any CPU = Release|Any CPU
	EndGlobalSection
	GlobalSection(ProjectConfigurationPlatforms) = postSolution
		{52E3CD2E-B3D0-4381-87A0-280117A45634}.Debug|Any CPU.ActiveCfg = Debug|Any CPU
		{52E3CD2E-B3D0-4381-87A0-280117A45634}.Debug|Any CPU.Build.0 = Debug|Any CPU
		{52E3CD2E-B3D0-4381-87A0-280117A45634}.Release|Any CPU.ActiveCfg = Release|Any CPU
		{52E3CD2E-B3D0-4381-87A0-280117A45634}.Release|Any CPU.Build.0 = Release|Any CPU
		{5D3C5F70-3D78-4000-A66E-B6825A5106BB}.Debug|Any CPU.ActiveCfg = Debug|Any CPU
		{5D3C5F70-3D78-4000-A66E-B6825A5106BB}.Debug|Any CPU.Build.0 = Debug|Any CPU
		{5D3C5F70-3D78-4000-A66E-B6825A5106BB}.Release|Any CPU.ActiveCfg = Release|Any CPU
		{5D3C5F70-3D78-4000-A66E-B6825A5106BB}.Release|Any CPU.Build.0 = Release|Any CPU
		{77F5F966-3F44-4647-8434-5F4DE95401B6}.Debug|Any CPU.ActiveCfg = Debug|Any CPU
		{77F5F966-3F44-4647-8434-5F4DE95401B6}.Debug|Any CPU.Build.0 = Debug|Any CPU
		{77F5F966-3F44-4647-8434-5F4DE95401B6}.Release|Any CPU.ActiveCfg = Release|Any CPU
		{77F5F966-3F44-4647-8434-5F4DE95401B6}.Release|Any CPU.Build.0 = Release|Any CPU
	EndGlobalSection
	GlobalSection(SolutionProperties) = preSolution
		HideSolutionNode = FALSE
	EndGlobalSection
	GlobalSection(ExtensibilityGlobals) = postSolution
		SolutionGuid = {A0C221E8-25FA-406F-9154-2D8F260B34A1}
	EndGlobalSection
EndGlobal
